<Solution>
  <Project Path="agv_system.csproj" />
  <Project Path="AgvDispatcher.Shell\AgvDispatcher.Shell.csproj" />
  <Project Path="AgvDispatcher.Core\AgvDispatcher.Core.csproj" />
  <Project Path="AgvDispatcher.Infrastructure.Mock\AgvDispatcher.Infrastructure.Mock.csproj" />
  <Project Path="AgvDispatcher.Infrastructure.Sqlite\AgvDispatcher.Infrastructure.Sqlite.csproj" />
  <Project Path="AgvDispatcher.Modules.TemplateModule\AgvDispatcher.Modules.TemplateModule.csproj" />
  <Project Path="AgvDispatcher.Modules.MonitorWorkspaceModule\AgvDispatcher.Modules.MonitorWorkspaceModule.csproj" />
  <Project Path="AgvDispatcher.Modules.ChargeModule\AgvDispatcher.Modules.ChargeModule.csproj" />
  <Project Path="AgvDispatcher.Modules.TaskModule\AgvDispatcher.Modules.TaskModule.csproj" />
  <Project Path="AgvDispatcher.Modules.SignalModule\AgvDispatcher.Modules.SignalModule.csproj" />
  <Project Path="AgvDispatcher.Modules.DataQueryModule\AgvDispatcher.Modules.DataQueryModule.csproj" />
  <Project Path="AgvDispatcher.Modules.TaskConfigModule\AgvDispatcher.Modules.TaskConfigModule.csproj" />
  <Project Path="AgvDispatcher.Modules.SystemConfigModule\AgvDispatcher.Modules.SystemConfigModule.csproj" />
</Solution>
